
Microsoft Visual Studio Solution File, Format Version 12.00
# Visual Studio Version 17
VisualStudioVersion = 17.3.32811.315
MinimumVisualStudioVersion = 10.0.40219.1
Project("{FAE04EC0-301F-11D3-BF4B-00C04F79EFBC}") = "LogicalProgramming", "LogicalProgramming.csproj", "{CCC7E1CE-2B7D-4805-999E-603E2D333F10}"
EndProject
Global
	GlobalSection(SolutionConfigurationPlatforms) = preSolution
		Debug|Any CPU = Debug|Any CPU
		Release|Any CPU = Release|Any CPU
	EndGlobalSection
	GlobalSection(ProjectConfigurationPlatforms) = postSolution
		{CCC7E1CE-2B7D-4805-999E-603E2D333F10}.Debug|Any CPU.ActiveCfg = Debug|Any CPU
		{CCC7E1CE-2B7D-4805-999E-603E2D333F10}.Debug|Any CPU.Build.0 = Debug|Any CPU
		{CCC7E1CE-2B7D-4805-999E-603E2D333F10}.Release|Any CPU.ActiveCfg = Release|Any CPU
		{CCC7E1CE-2B7D-4805-999E-603E2D333F10}.Release|Any CPU.Build.0 = Release|Any CPU
	EndGlobalSection
	GlobalSection(SolutionProperties) = preSolution
		HideSolutionNode = FALSE
	EndGlobalSection
	GlobalSection(ExtensibilityGlobals) = postSolution
		SolutionGuid = {D7B6ED74-4B25-4A8D-BD0D-563E535372BB}
	EndGlobalSection
EndGlobal
